// !$*UTF8*$!
{
	archiveVersion = 1;
	classes = {
	};
	objectVersion = 46;
	objects = {

/* Begin PBXBuildFile section */
		A478C4C71DFE835800ABA2BF /* AppDelegate.m in Sources */ = {isa = PBXBuildFile; fileRef = A478C4C61DFE835800ABA2BF /* AppDelegate.m */; };
		A478C4CA1DFE835800ABA2BF /* main.m in Sources */ = {isa = PBXBuildFile; fileRef = A478C4C91DFE835800ABA2BF /* main.m */; };
		A478C4CD1DFE835800ABA2BF /* ViewController.m in Sources */ = {isa = PBXBuildFile; fileRef = A478C4CC1DFE835800ABA2BF /* ViewController.m */; };
		A478C4CF1DFE835800ABA2BF /* Assets.xcassets in Resources */ = {isa = PBXBuildFile; fileRef = A478C4CE1DFE835800ABA2BF /* Assets.xcassets */; };
		A478C4D21DFE835800ABA2BF /* Main.storyboard in Resources */ = {isa = PBXBuildFile; fileRef = A478C4D01DFE835800ABA2BF /* Main.storyboard */; };
		A478C4DC1DFE83C000ABA2BF /* Qoncrete.m in Sources */ = {isa = PBXBuildFile; fileRef = A478C4DB1DFE83C000ABA2BF /* Qoncrete.m */; };
/* End PBXBuildFile section */

/* Begin PBXFileReference section */
		A478C4C21DFE835800ABA2BF /* QoncreteDemoOS.app */ = {isa = PBXFileReference; explicitFileType = wrapper.application; includeInIndex = 0; path = QoncreteDemoOS.app; sourceTree = BUILT_PRODUCTS_DIR; };
		A478C4C51DFE835800ABA2BF /* AppDelegate.h */ = {isa = PBXFileReference; lastKnownFileType = sourcecode.c.h; path = AppDelegate.h; sourceTree = "<group>"; };
		A478C4C61DFE835800ABA2BF /* AppDelegate.m */ = {isa = PBXFileReference; lastKnownFileType = sourcecode.c.objc; path = AppDelegate.m; sourceTree = "<group>"; };
		A478C4C91DFE835800ABA2BF /* main.m */ = {isa = PBXFileReference; lastKnownFileType = sourcecode.c.objc; path = main.m; sourceTree = "<group>"; };
		A478C4CB1DFE835800ABA2BF /* ViewController.h */ = {isa = PBXFileReference; lastKnownFileType = sourcecode.c.h; path = ViewController.h; sourceTree = "<group>"; };
		A478C4CC1DFE835800ABA2BF /* ViewController.m */ = {isa = PBXFileReference; lastKnownFileType = sourcecode.c.objc; path = ViewController.m; sourceTree = "<group>"; };
		A478C4CE1DFE835800ABA2BF /* Assets.xcassets */ = {isa = PBXFileReference; lastKnownFileType = folder.assetcatalog; path = Assets.xcassets; sourceTree = "<group>"; };
		A478C4D11DFE835800ABA2BF /* Base */ = {isa = PBXFileReference; lastKnownFileType = file.storyboard; name = Base; path = Base.lproj/Main.storyboard; sourceTree = "<group>"; };
		A478C4D31DFE835800ABA2BF /* Info.plist */ = {isa = PBXFileReference; lastKnownFileType = text.plist.xml; path = Info.plist; sourceTree = "<group>"; };
		A478C4DA1DFE83C000ABA2BF /* Qoncrete.h */ = {isa = PBXFileReference; fileEncoding = 4; lastKnownFileType = sourcecode.c.h; name = Qoncrete.h; path = ../Qoncrete.h; sourceTree = "<group>"; };
		A478C4DB1DFE83C000ABA2BF /* Qoncrete.m */ = {isa = PBXFileReference; fileEncoding = 4; lastKnownFileType = sourcecode.c.objc; name = Qoncrete.m; path = ../Qoncrete.m; sourceTree = "<group>"; };
/* End PBXFileReference section */

/* Begin PBXFrameworksBuildPhase section */
		A478C4BF1DFE835800ABA2BF /* Frameworks */ = {
			isa = PBXFrameworksBuildPhase;
			buildActionMask = 2147483647;
			files = (
			);
			runOnlyForDeploymentPostprocessing = 0;
		};
/* End PBXFrameworksBuildPhase section */

/* Begin PBXGroup section */
		A478C4B91DFE835800ABA2BF = {
			isa = PBXGroup;
			children = (
				A478C4D91DFE83A700ABA2BF /* Qoncrete */,
				A478C4C41DFE835800ABA2BF /* QoncreteDemoOS */,
				A478C4C31DFE835800ABA2BF /* Products */,
			);
			sourceTree = "<group>";
		};
		A478C4C31DFE835800ABA2BF /* Products */ = {
			isa = PBXGroup;
			children = (
				A478C4C21DFE835800ABA2BF /* QoncreteDemoOS.app */,
			);
			name = Products;
			sourceTree = "<group>";
		};
		A478C4C41DFE835800ABA2BF /* QoncreteDemoOS */ = {
			isa = PBXGroup;
			children = (
				A478C4C51DFE835800ABA2BF /* AppDelegate.h */,
				A478C4C61DFE835800ABA2BF /* AppDelegate.m */,
				A478C4CB1DFE835800ABA2BF /* ViewController.h */,
				A478C4CC1DFE835800ABA2BF /* ViewController.m */,
				A478C4CE1DFE835800ABA2BF /* Assets.xcassets */,
				A478C4D01DFE835800ABA2BF /* Main.storyboard */,
				A478C4D31DFE835800ABA2BF /* Info.plist */,
				A478C4C81DFE835800ABA2BF /* Supporting Files */,
			);
			path = QoncreteDemoOS;
			sourceTree = "<group>";
		};
		A478C4C81DFE835800ABA2BF /* Supporting Files */ = {
			isa = PBXGroup;
			children = (
				A478C4C91DFE835800ABA2BF /* main.m */,
			);
			name = "Supporting Files";
			sourceTree = "<group>";
		};
		A478C4D91DFE83A700ABA2BF /* Qoncrete */ = {
			isa = PBXGroup;
			children = (
				A478C4DA1DFE83C000ABA2BF /* Qoncrete.h */,
				A478C4DB1DFE83C000ABA2BF /* Qoncrete.m */,
			);
			name = Qoncrete;
			sourceTree = "<group>";
		};
/* End PBXGroup section */

/* Begin PBXNativeTarget section */
		A478C4C11DFE835800ABA2BF /* QoncreteDemoOS */ = {
			isa = PBXNativeTarget;
			buildConfigurationList = A478C4D61DFE835800ABA2BF /* Build configuration list for PBXNativeTarget "QoncreteDemoOS" */;
			buildPhases = (
				A478C4BE1DFE835800ABA2BF /* Sources */,
				A478C4BF1DFE835800ABA2BF /* Frameworks */,
				A478C4C01DFE835800ABA2BF /* Resources */,
			);
			buildRules = (
			);
			dependencies = (
			);
			name = QoncreteDemoOS;
			productName = QoncreteDemoOS;
			productReference = A478C4C21DFE835800ABA2BF /* QoncreteDemoOS.app */;
			productType = "com.apple.product-type.application";
		};
/* End PBXNativeTarget section */

/* Begin PBXProject section */
		A478C4BA1DFE835800ABA2BF /* Project object */ = {
			isa = PBXProject;
			attributes = {
				LastUpgradeCheck = 0810;
				ORGANIZATIONNAME = Goyoo;
				TargetAttributes = {
					A478C4C11DFE835800ABA2BF = {
						CreatedOnToolsVersion = 8.1;
						ProvisioningStyle = Automatic;
					};
				};
			};
			buildConfigurationList = A478C4BD1DFE835800ABA2BF /* Build configuration list for PBXProject "QoncreteDemoOS" */;
			compatibilityVersion = "Xcode 3.2";
			developmentRegion = English;
			hasScannedForEncodings = 0;
			knownRegions = (
				en,
				Base,
			);
			mainGroup = A478C4B91DFE835800ABA2BF;
			productRefGroup = A478C4C31DFE835800ABA2BF /* Products */;
			projectDirPath = "";
			projectRoot = "";
			targets = (
				A478C4C11DFE835800ABA2BF /* QoncreteDemoOS */,
			);
		};
/* End PBXProject section */

/* Begin PBXResourcesBuildPhase section */
		A478C4C01DFE835800ABA2BF /* Resources */ = {
			isa = PBXResourcesBuildPhase;
			buildActionMask = 2147483647;
			files = (
				A478C4CF1DFE835800ABA2BF /* Assets.xcassets in Resources */,
				A478C4D21DFE835800ABA2BF /* Main.storyboard in Resources */,
			);
			runOnlyForDeploymentPostprocessing = 0;
		};
/* End PBXResourcesBuildPhase section */

/* Begin PBXSourcesBuildPhase section */
		A478C4BE1DFE835800ABA2BF /* Sources */ = {
			isa = PBXSourcesBuildPhase;
			buildActionMask = 2147483647;
			files = (
				A478C4CD1DFE835800ABA2BF /* ViewController.m in Sources */,
				A478C4CA1DFE835800ABA2BF /* main.m in Sources */,
				A478C4DC1DFE83C000ABA2BF /* Qoncrete.m in Sources */,
				A478C4C71DFE835800ABA2BF /* AppDelegate.m in Sources */,
			);
			runOnlyForDeploymentPostprocessing = 0;
		};
/* End PBXSourcesBuildPhase section */

/* Begin PBXVariantGroup section */
		A478C4D01DFE835800ABA2BF /* Main.storyboard */ = {
			isa = PBXVariantGroup;
			children = (
				A478C4D11DFE835800ABA2BF /* Base */,
			);
			name = Main.storyboard;
			sourceTree = "<group>";
		};
/* End PBXVariantGroup section */

/* Begin XCBuildConfiguration section */
		A478C4D41DFE835800ABA2BF /* Debug */ = {
			isa = XCBuildConfiguration;
			buildSettings = {
				ALWAYS_SEARCH_USER_PATHS = NO;
				CLANG_ANALYZER_NONNULL = YES;
				CLANG_CXX_LANGUAGE_STANDARD = "gnu++0x";
				CLANG_CXX_LIBRARY = "libc++";
				CLANG_ENABLE_MODULES = YES;
				CLANG_ENABLE_OBJC_ARC = YES;
				CLANG_WARN_BOOL_CONVERSION = YES;
				CLANG_WARN_CONSTANT_CONVERSION = YES;
				CLANG_WARN_DIRECT_OBJC_ISA_USAGE = YES_ERROR;
				CLANG_WARN_DOCUMENTATION_COMMENTS = YES;
				CLANG_WARN_EMPTY_BODY = YES;
				CLANG_WARN_ENUM_CONVERSION = YES;
				CLANG_WARN_INFINITE_RECURSION = YES;
				CLANG_WARN_INT_CONVERSION = YES;
				CLANG_WARN_OBJC_ROOT_CLASS = YES_ERROR;
				CLANG_WARN_SUSPICIOUS_MOVES = YES;
				CLANG_WARN_UNREACHABLE_CODE = YES;
				CLANG_WARN__DUPLICATE_METHOD_MATCH = YES;
				CODE_SIGN_IDENTITY = "-";
				COPY_PHASE_STRIP = NO;
				DEBUG_INFORMATION_FORMAT = dwarf;
				ENABLE_STRICT_OBJC_MSGSEND = YES;
				ENABLE_TESTABILITY = YES;
				GCC_C_LANGUAGE_STANDARD = gnu99;
				GCC_DYNAMIC_NO_PIC = NO;
				GCC_NO_COMMON_BLOCKS = YES;
				GCC_OPTIMIZATION_LEVEL = 0;
				GCC_PREPROCESSOR_DEFINITIONS = (
					"DEBUG=1",
					"$(inherited)",
				);
				GCC_WARN_64_TO_32_BIT_CONVERSION = YES;
				GCC_WARN_ABOUT_RETURN_TYPE = YES_ERROR;
				GCC_WARN_UNDECLARED_SELECTOR = YES;
				GCC_WARN_UNINITIALIZED_AUTOS = YES_AGGRESSIVE;
				GCC_WARN_UNUSED_FUNCTION = YES;
				GCC_WARN_UNUSED_VARIABLE = YES;
				MACOSX_DEPLOYMENT_TARGET = 10.12;
				MTL_ENABLE_DEBUG_INFO = YES;
				ONLY_ACTIVE_ARCH = YES;
				SDKROOT = macosx;
			};
			name = Debug;
		};
		A478C4D51DFE835800ABA2BF /* Release */ = {
			isa = XCBuildConfiguration;
			buildSettings = {
				ALWAYS_SEARCH_USER_PATHS = NO;
				CLANG_ANALYZER_NONNULL = YES;
				CLANG_CXX_LANGUAGE_STANDARD = "gnu++0x";
				CLANG_CXX_LIBRARY = "libc++";
				CLANG_ENABLE_MODULES = YES;
				CLANG_ENABLE_OBJC_ARC = YES;
				CLANG_WARN_BOOL_CONVERSION = YES;
				CLANG_WARN_CONSTANT_CONVERSION = YES;
				CLANG_WARN_DIRECT_OBJC_ISA_USAGE = YES_ERROR;
				CLANG_WARN_DOCUMENTATION_COMMENTS = YES;
				CLANG_WARN_EMPTY_BODY = YES;
				CLANG_WARN_ENUM_CONVERSION = YES;
				CLANG_WARN_INFINITE_RECURSION = YES;
				CLANG_WARN_INT_CONVERSION = YES;
				CLANG_WARN_OBJC_ROOT_CLASS = YES_ERROR;
				CLANG_WARN_SUSPICIOUS_MOVES = YES;
				CLANG_WARN_UNREACHABLE_CODE = YES;
				CLANG_WARN__DUPLICATE_METHOD_MATCH = YES;
				CODE_SIGN_IDENTITY = "-";
				COPY_PHASE_STRIP = NO;
				DEBUG_INFORMATION_FORMAT = "dwarf-with-dsym";
				ENABLE_NS_ASSERTIONS = NO;
				ENABLE_STRICT_OBJC_MSGSEND = YES;
				GCC_C_LANGUAGE_STANDARD = gnu99;
				GCC_NO_COMMON_BLOCKS = YES;
				GCC_WARN_64_TO_32_BIT_CONVERSION = YES;
				GCC_WARN_ABOUT_RETURN_TYPE = YES_ERROR;
				GCC_WARN_UNDECLARED_SELECTOR = YES;
				GCC_WARN_UNINITIALIZED_AUTOS = YES_AGGRESSIVE;
				GCC_WARN_UNUSED_FUNCTION = YES;
				GCC_WARN_UNUSED_VARIABLE = YES;
				MACOSX_DEPLOYMENT_TARGET = 10.12;
				MTL_ENABLE_DEBUG_INFO = NO;
				SDKROOT = macosx;
			};
			name = Release;
		};
		A478C4D71DFE835800ABA2BF /* Debug */ = {
			isa = XCBuildConfiguration;
			buildSettings = {
				ASSETCATALOG_COMPILER_APPICON_NAME = AppIcon;
				COMBINE_HIDPI_IMAGES = YES;
				INFOPLIST_FILE = QoncreteDemoOS/Info.plist;
				LD_RUNPATH_SEARCH_PATHS = "$(inherited) @executable_path/../Frameworks";
				PRODUCT_BUNDLE_IDENTIFIER = com.goyoo.QoncreteDemoOS;
				PRODUCT_NAME = "$(TARGET_NAME)";
			};
			name = Debug;
		};
		A478C4D81DFE835800ABA2BF /* Release */ = {
			isa = XCBuildConfiguration;
			buildSettings = {
				ASSETCATALOG_COMPILER_APPICON_NAME = AppIcon;
				COMBINE_HIDPI_IMAGES = YES;
				INFOPLIST_FILE = QoncreteDemoOS/Info.plist;
				LD_RUNPATH_SEARCH_PATHS = "$(inherited) @executable_path/../Frameworks";
				PRODUCT_BUNDLE_IDENTIFIER = com.goyoo.QoncreteDemoOS;
				PRODUCT_NAME = "$(TARGET_NAME)";
			};
			name = Release;
		};
/* End XCBuildConfiguration section */

/* Begin XCConfigurationList section */
		A478C4BD1DFE835800ABA2BF /* Build configuration list for PBXProject "QoncreteDemoOS" */ = {
			isa = XCConfigurationList;
			buildConfigurations = (
				A478C4D41DFE835800ABA2BF /* Debug */,
				A478C4D51DFE835800ABA2BF /* Release */,
			);
			defaultConfigurationIsVisible = 0;
			defaultConfigurationName = Release;
		};
		A478C4D61DFE835800ABA2BF /* Build configuration list for PBXNativeTarget "QoncreteDemoOS" */ = {
			isa = XCConfigurationList;
			buildConfigurations = (
				A478C4D71DFE835800ABA2BF /* Debug */,
				A478C4D81DFE835800ABA2BF /* Release */,
			);
			defaultConfigurationIsVisible = 0;
			defaultConfigurationName = Release;
		};
/* End XCConfigurationList section */
	};
	rootObject = A478C4BA1DFE835800ABA2BF /* Project object */;
}
